{
  "name": "@ryanforever/zalgo",
  "version": "1.0.0",
  "lockfileVersion": 2,
  "requires": true,
  "packages": {
    "": {
      "name": "@ryanforever/zalgo",
      "version": "1.0.0",
      "license": "ISC",
      "dependencies": {
        "seedrandom": "^2.4.3"
      },
      "devDependencies": {}
    },
    "node_modules/seedrandom": {
      "version": "2.4.3",
      "resolved": "https://registry.npmjs.org/seedrandom/-/seedrandom-2.4.3.tgz",
      "integrity": "sha1-JDhQTa0zkXMUv/GKxNeU8W1qrsw="
    }
  },
  "dependencies": {
    "seedrandom": {
      "version": "2.4.3",
      "resolved": "https://registry.npmjs.org/seedrandom/-/seedrandom-2.4.3.tgz",
      "integrity": "sha1-JDhQTa0zkXMUv/GKxNeU8W1qrsw="
    }
  }
}
